// !$*UTF8*$!
{
	archiveVersion = 1;
	classes = {
	};
	objectVersion = 46;
	objects = {

/* Begin PBXBuildFile section */
		025F17D8BF405605B1E9CC65 /* libPods-RNKlarnaMobileSDK.a in Frameworks */ = {isa = PBXBuildFile; fileRef = 0095AC5BE5939D5EC9625201 /* libPods-RNKlarnaMobileSDK.a */; };
		0DB3516A77E13682BFCA4E64 /* KlarnaExpressCheckoutViewWrapper.mm in Sources */ = {isa = PBXBuildFile; fileRef = 33C84BA7615CC01128CA31E5 /* KlarnaExpressCheckoutViewWrapper.mm */; };
		42BC05FF2AC57E110044A9FE /* KlarnaStandaloneWebViewManager.mm in Sources */ = {isa = PBXBuildFile; fileRef = 42BC05FE2AC57E110044A9FE /* KlarnaStandaloneWebViewManager.mm */; };
		42BC06032AC586C50044A9FE /* KlarnaStandaloneWebViewWrapper.mm in Sources */ = {isa = PBXBuildFile; fileRef = 42BC06022AC586C50044A9FE /* KlarnaStandaloneWebViewWrapper.mm */; };
		42BC06052AC588180044A9FE /* KlarnaStandaloneWebViewWrapper.mm in Sources */ = {isa = PBXBuildFile; fileRef = 42BC06042AC588180044A9FE /* KlarnaStandaloneWebViewWrapper.mm */; };
		5EF79F343E41AF25BCF0FB57 /* KlarnaExpressCheckoutViewManager.mm in Sources */ = {isa = PBXBuildFile; fileRef = BC11876CCED1F9FF63141F96 /* KlarnaExpressCheckoutViewManager.mm */; };
		7917D755255C45FB00E16799 /* PaymentViewWrapperTests.m in Sources */ = {isa = PBXBuildFile; fileRef = 7917D754255C45FB00E16799 /* PaymentViewWrapperTests.m */; };
		7917D757255C45FB00E16799 /* libRNKlarnaMobileSDK.a in Frameworks */ = {isa = PBXBuildFile; fileRef = 134814201AA4EA6300B7C361 /* libRNKlarnaMobileSDK.a */; };
		792F67C02AB8AD7D00675E18 /* PaymentViewWrapper.mm in Sources */ = {isa = PBXBuildFile; fileRef = 792F67BB2AB8AD7D00675E18 /* PaymentViewWrapper.mm */; };
		792F67C12AB8AD7D00675E18 /* PaymentViewWrapper.mm in Sources */ = {isa = PBXBuildFile; fileRef = 792F67BE2AB8AD7D00675E18 /* PaymentViewWrapper.mm */; };
		79BD25FA2BC97A3000D2D92A /* KlarnaCheckoutViewManager.mm in Sources */ = {isa = PBXBuildFile; fileRef = 79BD25F92BC97A3000D2D92A /* KlarnaCheckoutViewManager.mm */; };
		79BD25FC2BC97B0900D2D92A /* KlarnaCheckoutViewWrapper.mm in Sources */ = {isa = PBXBuildFile; fileRef = 79BD25FB2BC97B0900D2D92A /* KlarnaCheckoutViewWrapper.mm */; };
		79BD26002BCD4F6C00D2D92A /* KlarnaCheckoutViewWrapper.mm in Sources */ = {isa = PBXBuildFile; fileRef = 79BD25FF2BCD4F6C00D2D92A /* KlarnaCheckoutViewWrapper.mm */; };
		79BD26042BCD572600D2D92A /* RNMobileSDKUtils.mm in Sources */ = {isa = PBXBuildFile; fileRef = 79BD26032BCD572600D2D92A /* RNMobileSDKUtils.mm */; };
		9F9101C8D59ECF439818302A /* KlarnaExpressCheckoutButtonDelegateProxy.swift in Sources */ = {isa = PBXBuildFile; fileRef = 162FB3924FC0CAB605BB10A7 /* KlarnaExpressCheckoutButtonDelegateProxy.swift */; };
		A1B2C3D42D8600010000001A /* KlarnaOSMViewManager.mm in Sources */ = {isa = PBXBuildFile; fileRef = A1B2C3D42D8600010000001F /* KlarnaOSMViewManager.mm */; };
		A1B2C3D42D8600010000001B /* KlarnaOSMViewWrapper.mm in Sources */ = {isa = PBXBuildFile; fileRef = A1B2C3D42D8600010000002B /* KlarnaOSMViewWrapper.mm */; };
		A1B2C3D42D8600010000001C /* KlarnaOSMViewWrapper.mm in Sources */ = {isa = PBXBuildFile; fileRef = A1B2C3D42D8600010000002C /* KlarnaOSMViewWrapper.mm */; };
		A1B2C3D52602130000AABBCC /* KlarnaStandaloneWebViewWrapperTests.m in Sources */ = {isa = PBXBuildFile; fileRef = A1B2C3D42602130000AABBCC /* KlarnaStandaloneWebViewWrapperTests.m */; };
		A1B2C3D62D8700010000003A /* KlarnaOSMViewWrapperTests.m in Sources */ = {isa = PBXBuildFile; fileRef = A1B2C3D62D8700010000003B /* KlarnaOSMViewWrapperTests.m */; };
		AB2E3AF1EF7D600B7C2BB129 /* KlarnaExpressCheckoutViewWrapper.mm in Sources */ = {isa = PBXBuildFile; fileRef = 9E25B2ABA81ABBC6F987AF54 /* KlarnaExpressCheckoutViewWrapper.mm */; };
		B3E7B58A1CC2AC0600A0062D /* KlarnaPaymentViewManager.mm in Sources */ = {isa = PBXBuildFile; fileRef = B3E7B5891CC2AC0600A0062D /* KlarnaPaymentViewManager.mm */; };
		C4322C103A49DE677440A55B /* libPods-RNKlarnaMobileSDK-RNKlarnaMobileSDKTests.a in Frameworks */ = {isa = PBXBuildFile; fileRef = FA32BFC473648C68FE140F44 /* libPods-RNKlarnaMobileSDK-RNKlarnaMobileSDKTests.a */; };
		F3A8B9C202AB3456000DECBA /* KlarnaExpressCheckoutViewWrapperTests.m in Sources */ = {isa = PBXBuildFile; fileRef = F3A8B9C102AB3456000DECBA /* KlarnaExpressCheckoutViewWrapperTests.m */; };
/* End PBXBuildFile section */

/* Begin PBXContainerItemProxy section */
		7917D758255C45FB00E16799 /* PBXContainerItemProxy */ = {
			isa = PBXContainerItemProxy;
			containerPortal = 58B511D31A9E6C8500147676 /* Project object */;
			proxyType = 1;
			remoteGlobalIDString = 58B511DA1A9E6C8500147676;
			remoteInfo = KlarnaInAppSDK;
		};
/* End PBXContainerItemProxy section */

/* Begin PBXCopyFilesBuildPhase section */
		58B511D91A9E6C8500147676 /* CopyFiles */ = {
			isa = PBXCopyFilesBuildPhase;
			buildActionMask = 2147483647;
			dstPath = "include/$(PRODUCT_NAME)";
			dstSubfolderSpec = 16;
			files = (
			);
			runOnlyForDeploymentPostprocessing = 0;
		};
/* End PBXCopyFilesBuildPhase section */

/* Begin PBXFileReference section */
		0095AC5BE5939D5EC9625201 /* libPods-RNKlarnaMobileSDK.a */ = {isa = PBXFileReference; explicitFileType = archive.ar; includeInIndex = 0; path = "libPods-RNKlarnaMobileSDK.a"; sourceTree = BUILT_PRODUCTS_DIR; };
		12F2DBCAAC01A760C139AA95 /* KlarnaExpressCheckoutViewWrapper.h */ = {isa = PBXFileReference; lastKnownFileType = sourcecode.c.h; path = KlarnaExpressCheckoutViewWrapper.h; sourceTree = "<group>"; };
		134814201AA4EA6300B7C361 /* libRNKlarnaMobileSDK.a */ = {isa = PBXFileReference; explicitFileType = archive.ar; includeInIndex = 0; path = libRNKlarnaMobileSDK.a; sourceTree = BUILT_PRODUCTS_DIR; };
		162FB3924FC0CAB605BB10A7 /* KlarnaExpressCheckoutButtonDelegateProxy.swift */ = {isa = PBXFileReference; lastKnownFileType = sourcecode.swift; path = KlarnaExpressCheckoutButtonDelegateProxy.swift; sourceTree = "<group>"; };
		215805694FE97D67AC33D085 /* Pods-RNKlarnaMobileSDK-RNKlarnaMobileSDKTests.debug.xcconfig */ = {isa = PBXFileReference; includeInIndex = 1; lastKnownFileType = text.xcconfig; name = "Pods-RNKlarnaMobileSDK-RNKlarnaMobileSDKTests.debug.xcconfig"; path = "Target Support Files/Pods-RNKlarnaMobileSDK-RNKlarnaMobileSDKTests/Pods-RNKlarnaMobileSDK-RNKlarnaMobileSDKTests.debug.xcconfig"; sourceTree = "<group>"; };
		2BACF326903DA3FED8FD0076 /* Pods-RNKlarnaMobileSDK-RNKlarnaMobileSDKTests.release.xcconfig */ = {isa = PBXFileReference; includeInIndex = 1; lastKnownFileType = text.xcconfig; name = "Pods-RNKlarnaMobileSDK-RNKlarnaMobileSDKTests.release.xcconfig"; path = "Target Support Files/Pods-RNKlarnaMobileSDK-RNKlarnaMobileSDKTests/Pods-RNKlarnaMobileSDK-RNKlarnaMobileSDKTests.release.xcconfig"; sourceTree = "<group>"; };
		33C84BA7615CC01128CA31E5 /* KlarnaExpressCheckoutViewWrapper.mm */ = {isa = PBXFileReference; lastKnownFileType = sourcecode.cpp.objcpp; path = KlarnaExpressCheckoutViewWrapper.mm; sourceTree = "<group>"; };
		42BC05FD2AC57D950044A9FE /* KlarnaStandaloneWebViewManager.h */ = {isa = PBXFileReference; lastKnownFileType = sourcecode.c.h; path = KlarnaStandaloneWebViewManager.h; sourceTree = "<group>"; };
		42BC05FE2AC57E110044A9FE /* KlarnaStandaloneWebViewManager.mm */ = {isa = PBXFileReference; lastKnownFileType = sourcecode.cpp.objcpp; path = KlarnaStandaloneWebViewManager.mm; sourceTree = "<group>"; };
		42BC06022AC586C50044A9FE /* KlarnaStandaloneWebViewWrapper.mm */ = {isa = PBXFileReference; lastKnownFileType = sourcecode.cpp.objcpp; path = KlarnaStandaloneWebViewWrapper.mm; sourceTree = "<group>"; };
		42BC06042AC588180044A9FE /* KlarnaStandaloneWebViewWrapper.mm */ = {isa = PBXFileReference; lastKnownFileType = sourcecode.cpp.objcpp; path = KlarnaStandaloneWebViewWrapper.mm; sourceTree = "<group>"; };
		4A1615226E049FC4A863EC0D /* Pods-RNKlarnaMobileSDK.release.xcconfig */ = {isa = PBXFileReference; includeInIndex = 1; lastKnownFileType = text.xcconfig; name = "Pods-RNKlarnaMobileSDK.release.xcconfig"; path = "Target Support Files/Pods-RNKlarnaMobileSDK/Pods-RNKlarnaMobileSDK.release.xcconfig"; sourceTree = "<group>"; };
		576072AD3AD3BF71A307289C /* Pods-RNKlarnaMobileSDK.debug.xcconfig */ = {isa = PBXFileReference; includeInIndex = 1; lastKnownFileType = text.xcconfig; name = "Pods-RNKlarnaMobileSDK.debug.xcconfig"; path = "Target Support Files/Pods-RNKlarnaMobileSDK/Pods-RNKlarnaMobileSDK.debug.xcconfig"; sourceTree = "<group>"; };
		7917D752255C45FB00E16799 /* RNKlarnaMobileSDKTests.xctest */ = {isa = PBXFileReference; explicitFileType = wrapper.cfbundle; includeInIndex = 0; path = RNKlarnaMobileSDKTests.xctest; sourceTree = BUILT_PRODUCTS_DIR; };
		7917D754255C45FB00E16799 /* PaymentViewWrapperTests.m */ = {isa = PBXFileReference; lastKnownFileType = sourcecode.c.objc; path = PaymentViewWrapperTests.m; sourceTree = "<group>"; };
		7917D756255C45FB00E16799 /* Info.plist */ = {isa = PBXFileReference; lastKnownFileType = text.plist.xml; path = Info.plist; sourceTree = "<group>"; };
		792F67BB2AB8AD7D00675E18 /* PaymentViewWrapper.mm */ = {isa = PBXFileReference; fileEncoding = 4; lastKnownFileType = sourcecode.cpp.objcpp; path = PaymentViewWrapper.mm; sourceTree = "<group>"; };
		792F67BE2AB8AD7D00675E18 /* PaymentViewWrapper.mm */ = {isa = PBXFileReference; fileEncoding = 4; lastKnownFileType = sourcecode.cpp.objcpp; path = PaymentViewWrapper.mm; sourceTree = "<group>"; };
		796795862C1B39E700BAB0C1 /* KlarnaCheckoutViewWrapper.h */ = {isa = PBXFileReference; lastKnownFileType = sourcecode.c.h; path = KlarnaCheckoutViewWrapper.h; sourceTree = "<group>"; };
		796795872C1B39F100BAB0C1 /* KlarnaStandaloneWebViewWrapper.h */ = {isa = PBXFileReference; lastKnownFileType = sourcecode.c.h; path = KlarnaStandaloneWebViewWrapper.h; sourceTree = "<group>"; };
		796795882C1B39FB00BAB0C1 /* PaymentViewWrapper.h */ = {isa = PBXFileReference; lastKnownFileType = sourcecode.c.h; path = PaymentViewWrapper.h; sourceTree = "<group>"; };
		79BD25F82BC97A0100D2D92A /* KlarnaCheckoutViewManager.h */ = {isa = PBXFileReference; lastKnownFileType = sourcecode.c.h; path = KlarnaCheckoutViewManager.h; sourceTree = "<group>"; };
		79BD25F92BC97A3000D2D92A /* KlarnaCheckoutViewManager.mm */ = {isa = PBXFileReference; lastKnownFileType = sourcecode.cpp.objcpp; path = KlarnaCheckoutViewManager.mm; sourceTree = "<group>"; };
		79BD25FB2BC97B0900D2D92A /* KlarnaCheckoutViewWrapper.mm */ = {isa = PBXFileReference; lastKnownFileType = sourcecode.cpp.objcpp; path = KlarnaCheckoutViewWrapper.mm; sourceTree = "<group>"; };
		79BD25FF2BCD4F6C00D2D92A /* KlarnaCheckoutViewWrapper.mm */ = {isa = PBXFileReference; lastKnownFileType = sourcecode.cpp.objcpp; path = KlarnaCheckoutViewWrapper.mm; sourceTree = "<group>"; };
		79BD26022BCD56D400D2D92A /* RNMobileSDKUtils.h */ = {isa = PBXFileReference; lastKnownFileType = sourcecode.c.h; path = RNMobileSDKUtils.h; sourceTree = "<group>"; };
		79BD26032BCD572600D2D92A /* RNMobileSDKUtils.mm */ = {isa = PBXFileReference; lastKnownFileType = sourcecode.cpp.objcpp; path = RNMobileSDKUtils.mm; sourceTree = "<group>"; };
		79E2A0B02BFBA653002923A5 /* PrefixHeader.pch */ = {isa = PBXFileReference; lastKnownFileType = sourcecode.c.h; path = PrefixHeader.pch; sourceTree = "<group>"; };
		9E25B2ABA81ABBC6F987AF54 /* KlarnaExpressCheckoutViewWrapper.mm */ = {isa = PBXFileReference; lastKnownFileType = sourcecode.cpp.objcpp; path = KlarnaExpressCheckoutViewWrapper.mm; sourceTree = "<group>"; };
		A1B2C3D42602130000AABBCC /* KlarnaStandaloneWebViewWrapperTests.m */ = {isa = PBXFileReference; lastKnownFileType = sourcecode.c.objc; path = KlarnaStandaloneWebViewWrapperTests.m; sourceTree = "<group>"; };
		A1B2C3D42D8600010000001E /* KlarnaOSMViewManager.h */ = {isa = PBXFileReference; lastKnownFileType = sourcecode.c.h; path = KlarnaOSMViewManager.h; sourceTree = "<group>"; };
		A1B2C3D42D8600010000001F /* KlarnaOSMViewManager.mm */ = {isa = PBXFileReference; lastKnownFileType = sourcecode.cpp.objcpp; path = KlarnaOSMViewManager.mm; sourceTree = "<group>"; };
		A1B2C3D42D8600010000002A /* KlarnaOSMViewWrapper.h */ = {isa = PBXFileReference; lastKnownFileType = sourcecode.c.h; path = KlarnaOSMViewWrapper.h; sourceTree = "<group>"; };
		A1B2C3D42D8600010000002B /* KlarnaOSMViewWrapper.mm */ = {isa = PBXFileReference; lastKnownFileType = sourcecode.cpp.objcpp; path = KlarnaOSMViewWrapper.mm; sourceTree = "<group>"; };
		A1B2C3D42D8600010000002C /* KlarnaOSMViewWrapper.mm */ = {isa = PBXFileReference; lastKnownFileType = sourcecode.cpp.objcpp; path = KlarnaOSMViewWrapper.mm; sourceTree = "<group>"; };
		A1B2C3D62D8700010000003B /* KlarnaOSMViewWrapperTests.m */ = {isa = PBXFileReference; lastKnownFileType = sourcecode.c.objc; path = KlarnaOSMViewWrapperTests.m; sourceTree = "<group>"; };
		B3E7B5881CC2AC0600A0062D /* KlarnaPaymentViewManager.h */ = {isa = PBXFileReference; fileEncoding = 4; lastKnownFileType = sourcecode.c.h; path = KlarnaPaymentViewManager.h; sourceTree = "<group>"; };
		B3E7B5891CC2AC0600A0062D /* KlarnaPaymentViewManager.mm */ = {isa = PBXFileReference; fileEncoding = 4; lastKnownFileType = sourcecode.cpp.objcpp; path = KlarnaPaymentViewManager.mm; sourceTree = "<group>"; };
		BC11876CCED1F9FF63141F96 /* KlarnaExpressCheckoutViewManager.mm */ = {isa = PBXFileReference; lastKnownFileType = sourcecode.cpp.objcpp; path = KlarnaExpressCheckoutViewManager.mm; sourceTree = "<group>"; };
		D18B14E1C87FBEC83B253DF6 /* KlarnaExpressCheckoutViewManager.h */ = {isa = PBXFileReference; lastKnownFileType = sourcecode.c.h; path = KlarnaExpressCheckoutViewManager.h; sourceTree = "<group>"; };
		D589EB112F850789005BB9DC /* KlarnaCore.xcframework */ = {isa = PBXFileReference; lastKnownFileType = wrapper.xcframework; name = KlarnaCore.xcframework; path = Pods/KlarnaMobileSDK/KlarnaCore.xcframework; sourceTree = "<group>"; };
		F3A8B9C102AB3456000DECBA /* KlarnaExpressCheckoutViewWrapperTests.m */ = {isa = PBXFileReference; lastKnownFileType = sourcecode.c.objc; path = KlarnaExpressCheckoutViewWrapperTests.m; sourceTree = "<group>"; };
		FA32BFC473648C68FE140F44 /* libPods-RNKlarnaMobileSDK-RNKlarnaMobileSDKTests.a */ = {isa = PBXFileReference; explicitFileType = archive.ar; includeInIndex = 0; path = "libPods-RNKlarnaMobileSDK-RNKlarnaMobileSDKTests.a"; sourceTree = BUILT_PRODUCTS_DIR; };
/* End PBXFileReference section */

/* Begin PBXFrameworksBuildPhase section */
		58B511D81A9E6C8500147676 /* Frameworks */ = {
			isa = PBXFrameworksBuildPhase;
			buildActionMask = 2147483647;
			files = (
				025F17D8BF405605B1E9CC65 /* libPods-RNKlarnaMobileSDK.a in Frameworks */,
			);
			runOnlyForDeploymentPostprocessing = 0;
		};
		7917D74F255C45FB00E16799 /* Frameworks */ = {
			isa = PBXFrameworksBuildPhase;
			buildActionMask = 2147483647;
			files = (
				7917D757255C45FB00E16799 /* libRNKlarnaMobileSDK.a in Frameworks */,
				C4322C103A49DE677440A55B /* libPods-RNKlarnaMobileSDK-RNKlarnaMobileSDKTests.a in Frameworks */,
			);
			runOnlyForDeploymentPostprocessing = 0;
		};
/* End PBXFrameworksBuildPhase section */

/* Begin PBXGroup section */
		134814211AA4EA7D00B7C361 /* Products */ = {
			isa = PBXGroup;
			children = (
				134814201AA4EA6300B7C361 /* libRNKlarnaMobileSDK.a */,
			);
			name = Products;
			sourceTree = "<group>";
		};
		58B511D21A9E6C8500147676 = {
			isa = PBXGroup;
			children = (
				7917D74C255C445E00E16799 /* Sources */,
				7917D753255C45FB00E16799 /* Tests */,
				7917D75F255C460300E16799 /* Configs */,
				134814211AA4EA7D00B7C361 /* Products */,
				7917D752255C45FB00E16799 /* RNKlarnaMobileSDKTests.xctest */,
				63E5D4CBB935C268EFA6C6E9 /* Pods */,
				CE954ABC354059DF5E32C8CA /* Frameworks */,
			);
			sourceTree = "<group>";
		};
		63E5D4CBB935C268EFA6C6E9 /* Pods */ = {
			isa = PBXGroup;
			children = (
				576072AD3AD3BF71A307289C /* Pods-RNKlarnaMobileSDK.debug.xcconfig */,
				4A1615226E049FC4A863EC0D /* Pods-RNKlarnaMobileSDK.release.xcconfig */,
				215805694FE97D67AC33D085 /* Pods-RNKlarnaMobileSDK-RNKlarnaMobileSDKTests.debug.xcconfig */,
				2BACF326903DA3FED8FD0076 /* Pods-RNKlarnaMobileSDK-RNKlarnaMobileSDKTests.release.xcconfig */,
			);
			path = Pods;
			sourceTree = "<group>";
		};
		7917D74C255C445E00E16799 /* Sources */ = {
			isa = PBXGroup;
			children = (
				79BD26012BCD56C000D2D92A /* common */,
				9CDEDC2923475BAC006C9C97 /* view */,
				79BD25F82BC97A0100D2D92A /* KlarnaCheckoutViewManager.h */,
				79BD25F92BC97A3000D2D92A /* KlarnaCheckoutViewManager.mm */,
				B3E7B5881CC2AC0600A0062D /* KlarnaPaymentViewManager.h */,
				B3E7B5891CC2AC0600A0062D /* KlarnaPaymentViewManager.mm */,
				D18B14E1C87FBEC83B253DF6 /* KlarnaExpressCheckoutViewManager.h */,
				BC11876CCED1F9FF63141F96 /* KlarnaExpressCheckoutViewManager.mm */,
				42BC05FD2AC57D950044A9FE /* KlarnaStandaloneWebViewManager.h */,
				42BC05FE2AC57E110044A9FE /* KlarnaStandaloneWebViewManager.mm */,
				A1B2C3D42D8600010000001E /* KlarnaOSMViewManager.h */,
				A1B2C3D42D8600010000001F /* KlarnaOSMViewManager.mm */,
				79E2A0B02BFBA653002923A5 /* PrefixHeader.pch */,
			);
			path = Sources;
			sourceTree = "<group>";
		};
		7917D753255C45FB00E16799 /* Tests */ = {
			isa = PBXGroup;
			children = (
				A1B2C3D62D8700010000003B /* KlarnaOSMViewWrapperTests.m */,
				A1B2C3D42602130000AABBCC /* KlarnaStandaloneWebViewWrapperTests.m */,
				7917D754255C45FB00E16799 /* PaymentViewWrapperTests.m */,
				F3A8B9C102AB3456000DECBA /* KlarnaExpressCheckoutViewWrapperTests.m */,
			);
			path = Tests;
			sourceTree = "<group>";
		};
		7917D75F255C460300E16799 /* Configs */ = {
			isa = PBXGroup;
			children = (
				7917D760255C464600E16799 /* Tests */,
			);
			path = Configs;
			sourceTree = "<group>";
		};
		7917D760255C464600E16799 /* Tests */ = {
			isa = PBXGroup;
			children = (
				7917D756255C45FB00E16799 /* Info.plist */,
			);
			path = Tests;
			sourceTree = "<group>";
		};
		792F67BA2AB8AD7D00675E18 /* newarch */ = {
			isa = PBXGroup;
			children = (
				79BD25FF2BCD4F6C00D2D92A /* KlarnaCheckoutViewWrapper.mm */,
				33C84BA7615CC01128CA31E5 /* KlarnaExpressCheckoutViewWrapper.mm */,
				792F67BB2AB8AD7D00675E18 /* PaymentViewWrapper.mm */,
				42BC06022AC586C50044A9FE /* KlarnaStandaloneWebViewWrapper.mm */,
				A1B2C3D42D8600010000002B /* KlarnaOSMViewWrapper.mm */,
			);
			path = newarch;
			sourceTree = "<group>";
		};
		792F67BD2AB8AD7D00675E18 /* oldarch */ = {
			isa = PBXGroup;
			children = (
				79BD25FB2BC97B0900D2D92A /* KlarnaCheckoutViewWrapper.mm */,
				9E25B2ABA81ABBC6F987AF54 /* KlarnaExpressCheckoutViewWrapper.mm */,
				792F67BE2AB8AD7D00675E18 /* PaymentViewWrapper.mm */,
				42BC06042AC588180044A9FE /* KlarnaStandaloneWebViewWrapper.mm */,
				A1B2C3D42D8600010000002C /* KlarnaOSMViewWrapper.mm */,
			);
			path = oldarch;
			sourceTree = "<group>";
		};
		79BD26012BCD56C000D2D92A /* common */ = {
			isa = PBXGroup;
			children = (
				79BD26022BCD56D400D2D92A /* RNMobileSDKUtils.h */,
				79BD26032BCD572600D2D92A /* RNMobileSDKUtils.mm */,
			);
			path = common;
			sourceTree = "<group>";
		};
		9CDEDC2923475BAC006C9C97 /* view */ = {
			isa = PBXGroup;
			children = (
				796795862C1B39E700BAB0C1 /* KlarnaCheckoutViewWrapper.h */,
				12F2DBCAAC01A760C139AA95 /* KlarnaExpressCheckoutViewWrapper.h */,
				162FB3924FC0CAB605BB10A7 /* KlarnaExpressCheckoutButtonDelegateProxy.swift */,
				796795872C1B39F100BAB0C1 /* KlarnaStandaloneWebViewWrapper.h */,
				796795882C1B39FB00BAB0C1 /* PaymentViewWrapper.h */,
				A1B2C3D42D8600010000002A /* KlarnaOSMViewWrapper.h */,
				792F67BA2AB8AD7D00675E18 /* newarch */,
				792F67BD2AB8AD7D00675E18 /* oldarch */,
			);
			path = view;
			sourceTree = "<group>";
		};
		CE954ABC354059DF5E32C8CA /* Frameworks */ = {
			isa = PBXGroup;
			children = (
				D589EB112F850789005BB9DC /* KlarnaCore.xcframework */,
				0095AC5BE5939D5EC9625201 /* libPods-RNKlarnaMobileSDK.a */,
				FA32BFC473648C68FE140F44 /* libPods-RNKlarnaMobileSDK-RNKlarnaMobileSDKTests.a */,
			);
			name = Frameworks;
			sourceTree = "<group>";
		};
/* End PBXGroup section */

/* Begin PBXNativeTarget section */
		58B511DA1A9E6C8500147676 /* RNKlarnaMobileSDK */ = {
			isa = PBXNativeTarget;
			buildConfigurationList = 58B511EF1A9E6C8500147676 /* Build configuration list for PBXNativeTarget "RNKlarnaMobileSDK" */;
			buildPhases = (
				E75293069B271158121761B6 /* [CP] Check Pods Manifest.lock */,
				58B511D71A9E6C8500147676 /* Sources */,
				58B511D81A9E6C8500147676 /* Frameworks */,
				58B511D91A9E6C8500147676 /* CopyFiles */,
			);
			buildRules = (
			);
			dependencies = (
			);
			name = RNKlarnaMobileSDK;
			productName = RCTDataManager;
			productReference = 134814201AA4EA6300B7C361 /* libRNKlarnaMobileSDK.a */;
			productType = "com.apple.product-type.library.static";
		};
		7917D751255C45FB00E16799 /* RNKlarnaMobileSDKTests */ = {
			isa = PBXNativeTarget;
			buildConfigurationList = 7917D75A255C45FB00E16799 /* Build configuration list for PBXNativeTarget "RNKlarnaMobileSDKTests" */;
			buildPhases = (
				819DB824EDF07129D7ED6AEC /* [CP] Check Pods Manifest.lock */,
				7917D74E255C45FB00E16799 /* Sources */,
				7917D74F255C45FB00E16799 /* Frameworks */,
				7917D750255C45FB00E16799 /* Resources */,
				BA18709C3836AA06136E2793 /* [CP] Embed Pods Frameworks */,
				03C8AB18A1F1F5F755FBC088 /* [CP] Copy Pods Resources */,
			);
			buildRules = (
			);
			dependencies = (
				7917D759255C45FB00E16799 /* PBXTargetDependency */,
			);
			name = RNKlarnaMobileSDKTests;
			productName = Tests;
			productReference = 7917D752255C45FB00E16799 /* RNKlarnaMobileSDKTests.xctest */;
			productType = "com.apple.product-type.bundle.unit-test";
		};
/* End PBXNativeTarget section */

/* Begin PBXProject section */
		58B511D31A9E6C8500147676 /* Project object */ = {
			isa = PBXProject;
			attributes = {
				LastUpgradeCheck = 0920;
				ORGANIZATIONNAME = Facebook;
				TargetAttributes = {
					58B511DA1A9E6C8500147676 = {
						CreatedOnToolsVersion = 6.1.1;
					};
					7917D751255C45FB00E16799 = {
						CreatedOnToolsVersion = 12.1;
						ProvisioningStyle = Manual;
					};
				};
			};
			buildConfigurationList = 58B511D61A9E6C8500147676 /* Build configuration list for PBXProject "RNKlarnaMobileSDK" */;
			compatibilityVersion = "Xcode 3.2";
			developmentRegion = English;
			hasScannedForEncodings = 0;
			knownRegions = (
				English,
				en,
			);
			mainGroup = 58B511D21A9E6C8500147676;
			productRefGroup = 58B511D21A9E6C8500147676;
			projectDirPath = "";
			projectRoot = "";
			targets = (
				58B511DA1A9E6C8500147676 /* RNKlarnaMobileSDK */,
				7917D751255C45FB00E16799 /* RNKlarnaMobileSDKTests */,
			);
		};
/* End PBXProject section */

/* Begin PBXResourcesBuildPhase section */
		7917D750255C45FB00E16799 /* Resources */ = {
			isa = PBXResourcesBuildPhase;
			buildActionMask = 2147483647;
			files = (
			);
			runOnlyForDeploymentPostprocessing = 0;
		};
/* End PBXResourcesBuildPhase section */

/* Begin PBXShellScriptBuildPhase section */
		03C8AB18A1F1F5F755FBC088 /* [CP] Copy Pods Resources */ = {
			isa = PBXShellScriptBuildPhase;
			buildActionMask = 2147483647;
			files = (
			);
			inputPaths = (
				"${PODS_ROOT}/Target Support Files/Pods-RNKlarnaMobileSDK-RNKlarnaMobileSDKTests/Pods-RNKlarnaMobileSDK-RNKlarnaMobileSDKTests-resources.sh",
				"${PODS_CONFIGURATION_BUILD_DIR}/React-Core/AccessibilityResources.bundle",
			);
			name = "[CP] Copy Pods Resources";
			outputPaths = (
				"${TARGET_BUILD_DIR}/${UNLOCALIZED_RESOURCES_FOLDER_PATH}/AccessibilityResources.bundle",
			);
			runOnlyForDeploymentPostprocessing = 0;
			shellPath = /bin/sh;
			shellScript = "\"${PODS_ROOT}/Target Support Files/Pods-RNKlarnaMobileSDK-RNKlarnaMobileSDKTests/Pods-RNKlarnaMobileSDK-RNKlarnaMobileSDKTests-resources.sh\"\n";
			showEnvVarsInLog = 0;
		};
		819DB824EDF07129D7ED6AEC /* [CP] Check Pods Manifest.lock */ = {
			isa = PBXShellScriptBuildPhase;
			buildActionMask = 2147483647;
			files = (
			);
			inputFileListPaths = (
			);
			inputPaths = (
				"${PODS_PODFILE_DIR_PATH}/Podfile.lock",
				"${PODS_ROOT}/Manifest.lock",
			);
			name = "[CP] Check Pods Manifest.lock";
			outputFileListPaths = (
			);
			outputPaths = (
				"$(DERIVED_FILE_DIR)/Pods-RNKlarnaMobileSDK-RNKlarnaMobileSDKTests-checkManifestLockResult.txt",
			);
			runOnlyForDeploymentPostprocessing = 0;
			shellPath = /bin/sh;
			shellScript = "diff \"${PODS_PODFILE_DIR_PATH}/Podfile.lock\" \"${PODS_ROOT}/Manifest.lock\" > /dev/null\nif [ $? != 0 ] ; then\n    # print error to STDERR\n    echo \"error: The sandbox is not in sync with the Podfile.lock. Run 'pod install' or update your CocoaPods installation.\" >&2\n    exit 1\nfi\n# This output is used by Xcode 'outputs' to avoid re-running this script phase.\necho \"SUCCESS\" > \"${SCRIPT_OUTPUT_FILE_0}\"\n";
			showEnvVarsInLog = 0;
		};
		BA18709C3836AA06136E2793 /* [CP] Embed Pods Frameworks */ = {
			isa = PBXShellScriptBuildPhase;
			buildActionMask = 2147483647;
			files = (
			);
			inputPaths = (
				"${PODS_ROOT}/Target Support Files/Pods-RNKlarnaMobileSDK-RNKlarnaMobileSDKTests/Pods-RNKlarnaMobileSDK-RNKlarnaMobileSDKTests-frameworks.sh",
				"${PODS_XCFRAMEWORKS_BUILD_DIR}/KlarnaMobileSDK/basic/KlarnaMobileSDK.framework/KlarnaMobileSDK",
				"${PODS_XCFRAMEWORKS_BUILD_DIR}/KlarnaMobileSDK/basic/KlarnaPayments.framework/KlarnaPayments",
				"${PODS_XCFRAMEWORKS_BUILD_DIR}/KlarnaMobileSDK/core/KlarnaCore.framework/KlarnaCore",
				"${PODS_XCFRAMEWORKS_BUILD_DIR}/KlarnaMobileSDK/core-webview/KlarnaCoreWebView.framework/KlarnaCoreWebView",
				"${PODS_XCFRAMEWORKS_BUILD_DIR}/hermes-engine/Pre-built/hermes.framework/hermes",
			);
			name = "[CP] Embed Pods Frameworks";
			outputPaths = (
				"${TARGET_BUILD_DIR}/${FRAMEWORKS_FOLDER_PATH}/KlarnaMobileSDK.framework",
				"${TARGET_BUILD_DIR}/${FRAMEWORKS_FOLDER_PATH}/KlarnaPayments.framework",
				"${TARGET_BUILD_DIR}/${FRAMEWORKS_FOLDER_PATH}/KlarnaCore.framework",
				"${TARGET_BUILD_DIR}/${FRAMEWORKS_FOLDER_PATH}/KlarnaCoreWebView.framework",
				"${TARGET_BUILD_DIR}/${FRAMEWORKS_FOLDER_PATH}/hermes.framework",
			);
			runOnlyForDeploymentPostprocessing = 0;
			shellPath = /bin/sh;
			shellScript = "\"${PODS_ROOT}/Target Support Files/Pods-RNKlarnaMobileSDK-RNKlarnaMobileSDKTests/Pods-RNKlarnaMobileSDK-RNKlarnaMobileSDKTests-frameworks.sh\"\n";
			showEnvVarsInLog = 0;
		};
		E75293069B271158121761B6 /* [CP] Check Pods Manifest.lock */ = {
			isa = PBXShellScriptBuildPhase;
			buildActionMask = 2147483647;
			files = (
			);
			inputFileListPaths = (
			);
			inputPaths = (
				"${PODS_PODFILE_DIR_PATH}/Podfile.lock",
				"${PODS_ROOT}/Manifest.lock",
			);
			name = "[CP] Check Pods Manifest.lock";
			outputFileListPaths = (
			);
			outputPaths = (
				"$(DERIVED_FILE_DIR)/Pods-RNKlarnaMobileSDK-checkManifestLockResult.txt",
			);
			runOnlyForDeploymentPostprocessing = 0;
			shellPath = /bin/sh;
			shellScript = "diff \"${PODS_PODFILE_DIR_PATH}/Podfile.lock\" \"${PODS_ROOT}/Manifest.lock\" > /dev/null\nif [ $? != 0 ] ; then\n    # print error to STDERR\n    echo \"error: The sandbox is not in sync with the Podfile.lock. Run 'pod install' or update your CocoaPods installation.\" >&2\n    exit 1\nfi\n# This output is used by Xcode 'outputs' to avoid re-running this script phase.\necho \"SUCCESS\" > \"${SCRIPT_OUTPUT_FILE_0}\"\n";
			showEnvVarsInLog = 0;
		};
/* End PBXShellScriptBuildPhase section */

/* Begin PBXSourcesBuildPhase section */
		58B511D71A9E6C8500147676 /* Sources */ = {
			isa = PBXSourcesBuildPhase;
			buildActionMask = 2147483647;
			files = (
				5EF79F343E41AF25BCF0FB57 /* KlarnaExpressCheckoutViewManager.mm in Sources */,
				9F9101C8D59ECF439818302A /* KlarnaExpressCheckoutButtonDelegateProxy.swift in Sources */,
				0DB3516A77E13682BFCA4E64 /* KlarnaExpressCheckoutViewWrapper.mm in Sources */,
				AB2E3AF1EF7D600B7C2BB129 /* KlarnaExpressCheckoutViewWrapper.mm in Sources */,
				42BC06032AC586C50044A9FE /* KlarnaStandaloneWebViewWrapper.mm in Sources */,
				42BC06052AC588180044A9FE /* KlarnaStandaloneWebViewWrapper.mm in Sources */,
				79BD25FC2BC97B0900D2D92A /* KlarnaCheckoutViewWrapper.mm in Sources */,
				79BD26002BCD4F6C00D2D92A /* KlarnaCheckoutViewWrapper.mm in Sources */,
				79BD26042BCD572600D2D92A /* RNMobileSDKUtils.mm in Sources */,
				B3E7B58A1CC2AC0600A0062D /* KlarnaPaymentViewManager.mm in Sources */,
				792F67C02AB8AD7D00675E18 /* PaymentViewWrapper.mm in Sources */,
				79BD25FA2BC97A3000D2D92A /* KlarnaCheckoutViewManager.mm in Sources */,
				42BC05FF2AC57E110044A9FE /* KlarnaStandaloneWebViewManager.mm in Sources */,
				792F67C12AB8AD7D00675E18 /* PaymentViewWrapper.mm in Sources */,
				A1B2C3D42D8600010000001A /* KlarnaOSMViewManager.mm in Sources */,
				A1B2C3D42D8600010000001B /* KlarnaOSMViewWrapper.mm in Sources */,
				A1B2C3D42D8600010000001C /* KlarnaOSMViewWrapper.mm in Sources */,
			);
			runOnlyForDeploymentPostprocessing = 0;
		};
		7917D74E255C45FB00E16799 /* Sources */ = {
			isa = PBXSourcesBuildPhase;
			buildActionMask = 2147483647;
			files = (
				A1B2C3D62D8700010000003A /* KlarnaOSMViewWrapperTests.m in Sources */,
				A1B2C3D52602130000AABBCC /* KlarnaStandaloneWebViewWrapperTests.m in Sources */,
				7917D755255C45FB00E16799 /* PaymentViewWrapperTests.m in Sources */,
				F3A8B9C202AB3456000DECBA /* KlarnaExpressCheckoutViewWrapperTests.m in Sources */,
			);
			runOnlyForDeploymentPostprocessing = 0;
		};
/* End PBXSourcesBuildPhase section */

/* Begin PBXTargetDependency section */
		7917D759255C45FB00E16799 /* PBXTargetDependency */ = {
			isa = PBXTargetDependency;
			target = 58B511DA1A9E6C8500147676 /* RNKlarnaMobileSDK */;
			targetProxy = 7917D758255C45FB00E16799 /* PBXContainerItemProxy */;
		};
/* End PBXTargetDependency section */

/* Begin XCBuildConfiguration section */
		58B511ED1A9E6C8500147676 /* Debug */ = {
			isa = XCBuildConfiguration;
			buildSettings = {
				ALWAYS_SEARCH_USER_PATHS = NO;
				CLANG_CXX_LANGUAGE_STANDARD = "c++17";
				CLANG_CXX_LIBRARY = "libc++";
				CLANG_ENABLE_MODULES = YES;
				CLANG_ENABLE_OBJC_ARC = YES;
				CLANG_WARN_BLOCK_CAPTURE_AUTORELEASING = YES;
				CLANG_WARN_BOOL_CONVERSION = YES;
				CLANG_WARN_COMMA = YES;
				CLANG_WARN_CONSTANT_CONVERSION = YES;
				CLANG_WARN_DIRECT_OBJC_ISA_USAGE = YES_ERROR;
				CLANG_WARN_EMPTY_BODY = YES;
				CLANG_WARN_ENUM_CONVERSION = YES;
				CLANG_WARN_INFINITE_RECURSION = YES;
				CLANG_WARN_INT_CONVERSION = YES;
				CLANG_WARN_NON_LITERAL_NULL_CONVERSION = YES;
				CLANG_WARN_OBJC_LITERAL_CONVERSION = YES;
				CLANG_WARN_OBJC_ROOT_CLASS = YES_ERROR;
				CLANG_WARN_RANGE_LOOP_ANALYSIS = YES;
				CLANG_WARN_STRICT_PROTOTYPES = YES;
				CLANG_WARN_SUSPICIOUS_MOVE = YES;
				CLANG_WARN_UNREACHABLE_CODE = YES;
				CLANG_WARN__DUPLICATE_METHOD_MATCH = YES;
				COPY_PHASE_STRIP = NO;
				ENABLE_STRICT_OBJC_MSGSEND = YES;
				ENABLE_TESTABILITY = YES;
				"EXCLUDED_ARCHS[sdk=iphonesimulator*]" = i386;
				GCC_C_LANGUAGE_STANDARD = gnu99;
				GCC_DYNAMIC_NO_PIC = NO;
				GCC_NO_COMMON_BLOCKS = YES;
				GCC_OPTIMIZATION_LEVEL = 0;
				GCC_PREPROCESSOR_DEFINITIONS = (
					"DEBUG=1",
					"$(inherited)",
				);
				GCC_SYMBOLS_PRIVATE_EXTERN = NO;
				GCC_WARN_64_TO_32_BIT_CONVERSION = YES;
				GCC_WARN_ABOUT_RETURN_TYPE = YES_ERROR;
				GCC_WARN_UNDECLARED_SELECTOR = YES;
				GCC_WARN_UNINITIALIZED_AUTOS = YES_AGGRESSIVE;
				GCC_WARN_UNUSED_FUNCTION = YES;
				GCC_WARN_UNUSED_VARIABLE = YES;
				IPHONEOS_DEPLOYMENT_TARGET = 10.0;
				MTL_ENABLE_DEBUG_INFO = YES;
				ONLY_ACTIVE_ARCH = YES;
				OTHER_CFLAGS = "$(inherited)";
				OTHER_CPLUSPLUSFLAGS = "$(inherited)";
				REACT_NATIVE_PATH = "${PODS_ROOT}/../../node_modules/react-native";
				SDKROOT = iphoneos;
				SWIFT_ENABLE_EXPLICIT_MODULES = NO;
			};
			name = Debug;
		};
		58B511EE1A9E6C8500147676 /* Release */ = {
			isa = XCBuildConfiguration;
			buildSettings = {
				ALWAYS_SEARCH_USER_PATHS = NO;
				CLANG_CXX_LANGUAGE_STANDARD = "c++17";
				CLANG_CXX_LIBRARY = "libc++";
				CLANG_ENABLE_MODULES = YES;
				CLANG_ENABLE_OBJC_ARC = YES;
				CLANG_WARN_BLOCK_CAPTURE_AUTORELEASING = YES;
				CLANG_WARN_BOOL_CONVERSION = YES;
				CLANG_WARN_COMMA = YES;
				CLANG_WARN_CONSTANT_CONVERSION = YES;
				CLANG_WARN_DIRECT_OBJC_ISA_USAGE = YES_ERROR;
				CLANG_WARN_EMPTY_BODY = YES;
				CLANG_WARN_ENUM_CONVERSION = YES;
				CLANG_WARN_INFINITE_RECURSION = YES;
				CLANG_WARN_INT_CONVERSION = YES;
				CLANG_WARN_NON_LITERAL_NULL_CONVERSION = YES;
				CLANG_WARN_OBJC_LITERAL_CONVERSION = YES;
				CLANG_WARN_OBJC_ROOT_CLASS = YES_ERROR;
				CLANG_WARN_RANGE_LOOP_ANALYSIS = YES;
				CLANG_WARN_STRICT_PROTOTYPES = YES;
				CLANG_WARN_SUSPICIOUS_MOVE = YES;
				CLANG_WARN_UNREACHABLE_CODE = YES;
				CLANG_WARN__DUPLICATE_METHOD_MATCH = YES;
				COPY_PHASE_STRIP = YES;
				ENABLE_NS_ASSERTIONS = NO;
				ENABLE_STRICT_OBJC_MSGSEND = YES;
				"EXCLUDED_ARCHS[sdk=iphonesimulator*]" = i386;
				GCC_C_LANGUAGE_STANDARD = gnu99;
				GCC_NO_COMMON_BLOCKS = YES;
				GCC_WARN_64_TO_32_BIT_CONVERSION = YES;
				GCC_WARN_ABOUT_RETURN_TYPE = YES_ERROR;
				GCC_WARN_UNDECLARED_SELECTOR = YES;
				GCC_WARN_UNINITIALIZED_AUTOS = YES_AGGRESSIVE;
				GCC_WARN_UNUSED_FUNCTION = YES;
				GCC_WARN_UNUSED_VARIABLE = YES;
				IPHONEOS_DEPLOYMENT_TARGET = 10.0;
				MTL_ENABLE_DEBUG_INFO = NO;
				OTHER_CFLAGS = "$(inherited)";
				OTHER_CPLUSPLUSFLAGS = "$(inherited)";
				REACT_NATIVE_PATH = "${PODS_ROOT}/../../node_modules/react-native";
				SDKROOT = iphoneos;
				SWIFT_ENABLE_EXPLICIT_MODULES = NO;
				VALIDATE_PRODUCT = YES;
			};
			name = Release;
		};
		58B511F01A9E6C8500147676 /* Debug */ = {
			isa = XCBuildConfiguration;
			baseConfigurationReference = 576072AD3AD3BF71A307289C /* Pods-RNKlarnaMobileSDK.debug.xcconfig */;
			buildSettings = {
				DEFINES_MODULE = YES;
				HEADER_SEARCH_PATHS = (
					"$(inherited)",
					"$(SRCROOT)/../../../React/**",
					"$(SRCROOT)/../../react-native/React/**",
				);
				LIBRARY_SEARCH_PATHS = "$(SDKROOT)/usr/lib/swift$(inherited)";
				OTHER_LDFLAGS = "-ObjC";
				PRODUCT_NAME = RNKlarnaMobileSDK;
				SKIP_INSTALL = YES;
				SWIFT_VERSION = 5.0;
			};
			name = Debug;
		};
		58B511F11A9E6C8500147676 /* Release */ = {
			isa = XCBuildConfiguration;
			baseConfigurationReference = 4A1615226E049FC4A863EC0D /* Pods-RNKlarnaMobileSDK.release.xcconfig */;
			buildSettings = {
				DEFINES_MODULE = YES;
				HEADER_SEARCH_PATHS = (
					"$(inherited)",
					"$(SRCROOT)/../../../React/**",
					"$(SRCROOT)/../../react-native/React/**",
				);
				LIBRARY_SEARCH_PATHS = "$(SDKROOT)/usr/lib/swift$(inherited)";
				OTHER_LDFLAGS = "-ObjC";
				PRODUCT_NAME = RNKlarnaMobileSDK;
				SKIP_INSTALL = YES;
				SWIFT_VERSION = 5.0;
			};
			name = Release;
		};
		7917D75B255C45FB00E16799 /* Debug */ = {
			isa = XCBuildConfiguration;
			baseConfigurationReference = 215805694FE97D67AC33D085 /* Pods-RNKlarnaMobileSDK-RNKlarnaMobileSDKTests.debug.xcconfig */;
			buildSettings = {
				CLANG_ANALYZER_NONNULL = YES;
				CLANG_ANALYZER_NUMBER_OBJECT_CONVERSION = YES_AGGRESSIVE;
				CLANG_CXX_LANGUAGE_STANDARD = "gnu++14";
				CLANG_ENABLE_OBJC_WEAK = YES;
				CLANG_WARN_DEPRECATED_OBJC_IMPLEMENTATIONS = YES;
				CLANG_WARN_DOCUMENTATION_COMMENTS = YES;
				CLANG_WARN_OBJC_IMPLICIT_RETAIN_SELF = YES;
				CLANG_WARN_QUOTED_INCLUDE_IN_FRAMEWORK_HEADER = YES;
				CLANG_WARN_UNGUARDED_AVAILABILITY = YES_AGGRESSIVE;
				CODE_SIGN_STYLE = Manual;
				DEBUG_INFORMATION_FORMAT = dwarf;
				DEVELOPMENT_TEAM = "";
				GCC_C_LANGUAGE_STANDARD = gnu11;
				INFOPLIST_FILE = Configs/Tests/Info.plist;
				IPHONEOS_DEPLOYMENT_TARGET = 14.1;
				LD_RUNPATH_SEARCH_PATHS = "$(inherited) @executable_path/Frameworks @loader_path/Frameworks";
				MTL_ENABLE_DEBUG_INFO = INCLUDE_SOURCE;
				MTL_FAST_MATH = YES;
				PRODUCT_BUNDLE_IDENTIFIER = com.klarna.mobile.sdk.reactnative.Tests;
				PRODUCT_NAME = "$(TARGET_NAME)";
				PROVISIONING_PROFILE_SPECIFIER = "";
				TARGETED_DEVICE_FAMILY = "1,2";
			};
			name = Debug;
		};
		7917D75C255C45FB00E16799 /* Release */ = {
			isa = XCBuildConfiguration;
			baseConfigurationReference = 2BACF326903DA3FED8FD0076 /* Pods-RNKlarnaMobileSDK-RNKlarnaMobileSDKTests.release.xcconfig */;
			buildSettings = {
				CLANG_ANALYZER_NONNULL = YES;
				CLANG_ANALYZER_NUMBER_OBJECT_CONVERSION = YES_AGGRESSIVE;
				CLANG_CXX_LANGUAGE_STANDARD = "gnu++14";
				CLANG_ENABLE_OBJC_WEAK = YES;
				CLANG_WARN_DEPRECATED_OBJC_IMPLEMENTATIONS = YES;
				CLANG_WARN_DOCUMENTATION_COMMENTS = YES;
				CLANG_WARN_OBJC_IMPLICIT_RETAIN_SELF = YES;
				CLANG_WARN_QUOTED_INCLUDE_IN_FRAMEWORK_HEADER = YES;
				CLANG_WARN_UNGUARDED_AVAILABILITY = YES_AGGRESSIVE;
				CODE_SIGN_STYLE = Manual;
				COPY_PHASE_STRIP = NO;
				DEBUG_INFORMATION_FORMAT = "dwarf-with-dsym";
				DEVELOPMENT_TEAM = "";
				GCC_C_LANGUAGE_STANDARD = gnu11;
				INFOPLIST_FILE = Configs/Tests/Info.plist;
				IPHONEOS_DEPLOYMENT_TARGET = 14.1;
				LD_RUNPATH_SEARCH_PATHS = "$(inherited) @executable_path/Frameworks @loader_path/Frameworks";
				MTL_FAST_MATH = YES;
				PRODUCT_BUNDLE_IDENTIFIER = com.klarna.mobile.sdk.reactnative.Tests;
				PRODUCT_NAME = "$(TARGET_NAME)";
				PROVISIONING_PROFILE_SPECIFIER = "";
				TARGETED_DEVICE_FAMILY = "1,2";
			};
			name = Release;
		};
/* End XCBuildConfiguration section */

/* Begin XCConfigurationList section */
		58B511D61A9E6C8500147676 /* Build configuration list for PBXProject "RNKlarnaMobileSDK" */ = {
			isa = XCConfigurationList;
			buildConfigurations = (
				58B511ED1A9E6C8500147676 /* Debug */,
				58B511EE1A9E6C8500147676 /* Release */,
			);
			defaultConfigurationIsVisible = 0;
			defaultConfigurationName = Release;
		};
		58B511EF1A9E6C8500147676 /* Build configuration list for PBXNativeTarget "RNKlarnaMobileSDK" */ = {
			isa = XCConfigurationList;
			buildConfigurations = (
				58B511F01A9E6C8500147676 /* Debug */,
				58B511F11A9E6C8500147676 /* Release */,
			);
			defaultConfigurationIsVisible = 0;
			defaultConfigurationName = Release;
		};
		7917D75A255C45FB00E16799 /* Build configuration list for PBXNativeTarget "RNKlarnaMobileSDKTests" */ = {
			isa = XCConfigurationList;
			buildConfigurations = (
				7917D75B255C45FB00E16799 /* Debug */,
				7917D75C255C45FB00E16799 /* Release */,
			);
			defaultConfigurationIsVisible = 0;
			defaultConfigurationName = Release;
		};
/* End XCConfigurationList section */
	};
	rootObject = 58B511D31A9E6C8500147676 /* Project object */;
}
